
Microsoft Visual Studio Solution File, Format Version 12.00
# Visual Studio Version 17
VisualStudioVersion = 17.14.36518.9 d17.14
MinimumVisualStudioVersion = 10.0.40219.1
Project("{FAE04EC0-301F-11D3-BF4B-00C04F79EFBC}") = "InsureYouAI", "InsureYouAI\InsureYouAI.csproj", "{7CADA6C6-3E0F-4895-AE48-BF80BEE907CE}"
EndProject
Global
	GlobalSection(SolutionConfigurationPlatforms) = preSolution
		Debug|Any CPU = Debug|Any CPU
		Release|Any CPU = Release|Any CPU
	EndGlobalSection
	GlobalSection(ProjectConfigurationPlatforms) = postSolution
		{7CADA6C6-3E0F-4895-AE48-BF80BEE907CE}.Debug|Any CPU.ActiveCfg = Debug|Any CPU
		{7CADA6C6-3E0F-4895-AE48-BF80BEE907CE}.Debug|Any CPU.Build.0 = Debug|Any CPU
		{7CADA6C6-3E0F-4895-AE48-BF80BEE907CE}.Release|Any CPU.ActiveCfg = Release|Any CPU
		{7CADA6C6-3E0F-4895-AE48-BF80BEE907CE}.Release|Any CPU.Build.0 = Release|Any CPU
	EndGlobalSection
	GlobalSection(SolutionProperties) = preSolution
		HideSolutionNode = FALSE
	EndGlobalSection
	GlobalSection(ExtensibilityGlobals) = postSolution
		SolutionGuid = {E163A6C2-4155-402F-AA22-132585D6922F}
	EndGlobalSection
EndGlobal
